
Microsoft Visual Studio Solution File, Format Version 12.00
# Visual Studio Version 17
VisualStudioVersion = 17.1.32421.90
MinimumVisualStudioVersion = 10.0.40219.1
Project("{9A19103F-16F7-4668-BE54-9A1E7A4F7556}") = "Atacado.FakeDB", "Atacado.FakeDB\Atacado.FakeDB.csproj", "{1D65230C-E8DE-48EF-BBAF-F1A532331D5B}"
EndProject
Project("{9A19103F-16F7-4668-BE54-9A1E7A4F7556}") = "AtacadoWinApp", "AtacadoWinApp\AtacadoWinApp.csproj", "{9EAC7BFD-9F4C-483C-BD92-4A9B275C48B6}"
EndProject
Project("{9A19103F-16F7-4668-BE54-9A1E7A4F7556}") = "DesafiosDaGripe01", "DesafiosDaGripe01\DesafiosDaGripe01.csproj", "{D77E907F-8D83-4F39-B47C-92C244D5EB54}"
EndProject
Project("{9A19103F-16F7-4668-BE54-9A1E7A4F7556}") = "Atacado.DAL", "Atacado.DAL\Atacado.DAL.csproj", "{0D9BA583-53C1-4D44-AF91-8A67CB3921AB}"
EndProject
Project("{9A19103F-16F7-4668-BE54-9A1E7A4F7556}") = "TesteAtacadoDAL", "TesteAtacadoDAL\TesteAtacadoDAL.csproj", "{6BF67693-C8D0-4AE1-B1FC-926B702086E1}"
EndProject
Project("{9A19103F-16F7-4668-BE54-9A1E7A4F7556}") = "Atacado.POCO", "Atacado.POCO\Atacado.POCO.csproj", "{ADC23BBA-A060-4550-B454-E8F17A2D4B9D}"
EndProject
Project("{9A19103F-16F7-4668-BE54-9A1E7A4F7556}") = "Atacado.Map", "Atacado.Map\Atacado.Map.csproj", "{93CB0AAF-5EB3-4C8A-8952-EF896592FD06}"
EndProject
Project("{9A19103F-16F7-4668-BE54-9A1E7A4F7556}") = "TesteAtacadoMap", "TesteAtacadoMap\TesteAtacadoMap.csproj", "{ED821BBD-33EE-4621-86B4-65BEFE600D4A}"
EndProject
Project("{2150E333-8FDC-42A3-9474-1A3956D46DE8}") = "1-Front", "1-Front", "{597A5094-8E32-467E-BD20-FB5B207EA98A}"
EndProject
Project("{2150E333-8FDC-42A3-9474-1A3956D46DE8}") = "2-Services", "2-Services", "{DABD8B42-4C4A-4D69-BCF3-8653F1964DCC}"
EndProject
Project("{2150E333-8FDC-42A3-9474-1A3956D46DE8}") = "3-DAL", "3-DAL", "{4FF2A2EE-386B-4E4D-8628-54B478FBD1DC}"
EndProject
Project("{9A19103F-16F7-4668-BE54-9A1E7A4F7556}") = "Atacado.Domain", "Atacado.Domain\Atacado.Domain.csproj", "{D1D22DFC-AF25-4C86-A112-D2533D91EB51}"
EndProject
Project("{9A19103F-16F7-4668-BE54-9A1E7A4F7556}") = "Atacado.Service", "Atacado.Service\Atacado.Service.csproj", "{BFCBC629-BF0B-4638-AF8F-F02F0113D839}"
EndProject
Project("{FAE04EC0-301F-11D3-BF4B-00C04F79EFBC}") = "Atacado.Business", "Atacado.Business\Atacado.Business.csproj", "{ED58DC5A-60D2-4B6F-9F66-0E7DC8CB1269}"
EndProject
Global
	GlobalSection(SolutionConfigurationPlatforms) = preSolution
		Debug|Any CPU = Debug|Any CPU
		Release|Any CPU = Release|Any CPU
	EndGlobalSection
	GlobalSection(ProjectConfigurationPlatforms) = postSolution
		{1D65230C-E8DE-48EF-BBAF-F1A532331D5B}.Debug|Any CPU.ActiveCfg = Debug|Any CPU
		{1D65230C-E8DE-48EF-BBAF-F1A532331D5B}.Debug|Any CPU.Build.0 = Debug|Any CPU
		{1D65230C-E8DE-48EF-BBAF-F1A532331D5B}.Release|Any CPU.ActiveCfg = Release|Any CPU
		{1D65230C-E8DE-48EF-BBAF-F1A532331D5B}.Release|Any CPU.Build.0 = Release|Any CPU
		{9EAC7BFD-9F4C-483C-BD92-4A9B275C48B6}.Debug|Any CPU.ActiveCfg = Debug|Any CPU
		{9EAC7BFD-9F4C-483C-BD92-4A9B275C48B6}.Debug|Any CPU.Build.0 = Debug|Any CPU
		{9EAC7BFD-9F4C-483C-BD92-4A9B275C48B6}.Release|Any CPU.ActiveCfg = Release|Any CPU
		{9EAC7BFD-9F4C-483C-BD92-4A9B275C48B6}.Release|Any CPU.Build.0 = Release|Any CPU
		{D77E907F-8D83-4F39-B47C-92C244D5EB54}.Debug|Any CPU.ActiveCfg = Debug|Any CPU
		{D77E907F-8D83-4F39-B47C-92C244D5EB54}.Debug|Any CPU.Build.0 = Debug|Any CPU
		{D77E907F-8D83-4F39-B47C-92C244D5EB54}.Release|Any CPU.ActiveCfg = Release|Any CPU
		{D77E907F-8D83-4F39-B47C-92C244D5EB54}.Release|Any CPU.Build.0 = Release|Any CPU
		{0D9BA583-53C1-4D44-AF91-8A67CB3921AB}.Debug|Any CPU.ActiveCfg = Debug|Any CPU
		{0D9BA583-53C1-4D44-AF91-8A67CB3921AB}.Debug|Any CPU.Build.0 = Debug|Any CPU
		{0D9BA583-53C1-4D44-AF91-8A67CB3921AB}.Release|Any CPU.ActiveCfg = Release|Any CPU
		{0D9BA583-53C1-4D44-AF91-8A67CB3921AB}.Release|Any CPU.Build.0 = Release|Any CPU
		{6BF67693-C8D0-4AE1-B1FC-926B702086E1}.Debug|Any CPU.ActiveCfg = Debug|Any CPU
		{6BF67693-C8D0-4AE1-B1FC-926B702086E1}.Debug|Any CPU.Build.0 = Debug|Any CPU
		{6BF67693-C8D0-4AE1-B1FC-926B702086E1}.Release|Any CPU.ActiveCfg = Release|Any CPU
		{6BF67693-C8D0-4AE1-B1FC-926B702086E1}.Release|Any CPU.Build.0 = Release|Any CPU
		{ADC23BBA-A060-4550-B454-E8F17A2D4B9D}.Debug|Any CPU.ActiveCfg = Debug|Any CPU
		{ADC23BBA-A060-4550-B454-E8F17A2D4B9D}.Debug|Any CPU.Build.0 = Debug|Any CPU
		{ADC23BBA-A060-4550-B454-E8F17A2D4B9D}.Release|Any CPU.ActiveCfg = Release|Any CPU
		{ADC23BBA-A060-4550-B454-E8F17A2D4B9D}.Release|Any CPU.Build.0 = Release|Any CPU
		{93CB0AAF-5EB3-4C8A-8952-EF896592FD06}.Debug|Any CPU.ActiveCfg = Debug|Any CPU
		{93CB0AAF-5EB3-4C8A-8952-EF896592FD06}.Debug|Any CPU.Build.0 = Debug|Any CPU
		{93CB0AAF-5EB3-4C8A-8952-EF896592FD06}.Release|Any CPU.ActiveCfg = Release|Any CPU
		{93CB0AAF-5EB3-4C8A-8952-EF896592FD06}.Release|Any CPU.Build.0 = Release|Any CPU
		{ED821BBD-33EE-4621-86B4-65BEFE600D4A}.Debug|Any CPU.ActiveCfg = Debug|Any CPU
		{ED821BBD-33EE-4621-86B4-65BEFE600D4A}.Debug|Any CPU.Build.0 = Debug|Any CPU
		{ED821BBD-33EE-4621-86B4-65BEFE600D4A}.Release|Any CPU.ActiveCfg = Release|Any CPU
		{ED821BBD-33EE-4621-86B4-65BEFE600D4A}.Release|Any CPU.Build.0 = Release|Any CPU
		{D1D22DFC-AF25-4C86-A112-D2533D91EB51}.Debug|Any CPU.ActiveCfg = Debug|Any CPU
		{D1D22DFC-AF25-4C86-A112-D2533D91EB51}.Debug|Any CPU.Build.0 = Debug|Any CPU
		{D1D22DFC-AF25-4C86-A112-D2533D91EB51}.Release|Any CPU.ActiveCfg = Release|Any CPU
		{D1D22DFC-AF25-4C86-A112-D2533D91EB51}.Release|Any CPU.Build.0 = Release|Any CPU
		{BFCBC629-BF0B-4638-AF8F-F02F0113D839}.Debug|Any CPU.ActiveCfg = Debug|Any CPU
		{BFCBC629-BF0B-4638-AF8F-F02F0113D839}.Debug|Any CPU.Build.0 = Debug|Any CPU
		{BFCBC629-BF0B-4638-AF8F-F02F0113D839}.Release|Any CPU.ActiveCfg = Release|Any CPU
		{BFCBC629-BF0B-4638-AF8F-F02F0113D839}.Release|Any CPU.Build.0 = Release|Any CPU
		{ED58DC5A-60D2-4B6F-9F66-0E7DC8CB1269}.Debug|Any CPU.ActiveCfg = Debug|Any CPU
		{ED58DC5A-60D2-4B6F-9F66-0E7DC8CB1269}.Debug|Any CPU.Build.0 = Debug|Any CPU
		{ED58DC5A-60D2-4B6F-9F66-0E7DC8CB1269}.Release|Any CPU.ActiveCfg = Release|Any CPU
		{ED58DC5A-60D2-4B6F-9F66-0E7DC8CB1269}.Release|Any CPU.Build.0 = Release|Any CPU
	EndGlobalSection
	GlobalSection(SolutionProperties) = preSolution
		HideSolutionNode = FALSE
	EndGlobalSection
	GlobalSection(NestedProjects) = preSolution
		{1D65230C-E8DE-48EF-BBAF-F1A532331D5B} = {4FF2A2EE-386B-4E4D-8628-54B478FBD1DC}
		{9EAC7BFD-9F4C-483C-BD92-4A9B275C48B6} = {597A5094-8E32-467E-BD20-FB5B207EA98A}
		{D77E907F-8D83-4F39-B47C-92C244D5EB54} = {597A5094-8E32-467E-BD20-FB5B207EA98A}
		{0D9BA583-53C1-4D44-AF91-8A67CB3921AB} = {4FF2A2EE-386B-4E4D-8628-54B478FBD1DC}
		{6BF67693-C8D0-4AE1-B1FC-926B702086E1} = {597A5094-8E32-467E-BD20-FB5B207EA98A}
		{ADC23BBA-A060-4550-B454-E8F17A2D4B9D} = {DABD8B42-4C4A-4D69-BCF3-8653F1964DCC}
		{93CB0AAF-5EB3-4C8A-8952-EF896592FD06} = {DABD8B42-4C4A-4D69-BCF3-8653F1964DCC}
		{ED821BBD-33EE-4621-86B4-65BEFE600D4A} = {597A5094-8E32-467E-BD20-FB5B207EA98A}
		{D1D22DFC-AF25-4C86-A112-D2533D91EB51} = {4FF2A2EE-386B-4E4D-8628-54B478FBD1DC}
		{BFCBC629-BF0B-4638-AF8F-F02F0113D839} = {DABD8B42-4C4A-4D69-BCF3-8653F1964DCC}
		{ED58DC5A-60D2-4B6F-9F66-0E7DC8CB1269} = {DABD8B42-4C4A-4D69-BCF3-8653F1964DCC}
	EndGlobalSection
	GlobalSection(ExtensibilityGlobals) = postSolution
		SolutionGuid = {5C4ADC4F-27F6-4589-B207-9329C22C27C3}
	EndGlobalSection
EndGlobal
